// !$*UTF8*$!
{
	archiveVersion = 1;
	classes = {
	};
	objectVersion = 56;
	objects = {

/* Begin PBXBuildFile section */
		FA67B3352BD18375008986FE /* HomeView.swift in Sources */ = {isa = PBXBuildFile; fileRef = FA67B3342BD18375008986FE /* HomeView.swift */; };
		FA67B3372BD1838A008986FE /* SideMenuView.swift in Sources */ = {isa = PBXBuildFile; fileRef = FA67B3362BD1838A008986FE /* SideMenuView.swift */; };
		FA67B3392BD18434008986FE /* Extensions.swift in Sources */ = {isa = PBXBuildFile; fileRef = FA67B3382BD18434008986FE /* Extensions.swift */; };
		FA67B33C2BD18D5F008986FE /* TabButton.swift in Sources */ = {isa = PBXBuildFile; fileRef = FA67B33B2BD18D5F008986FE /* TabButton.swift */; };
		FA67B33E2BD1994B008986FE /* MainContent.swift in Sources */ = {isa = PBXBuildFile; fileRef = FA67B33D2BD1994B008986FE /* MainContent.swift */; };
		FA67B3402BD19B57008986FE /* SearchBar.swift in Sources */ = {isa = PBXBuildFile; fileRef = FA67B33F2BD19B57008986FE /* SearchBar.swift */; };
		FA67B3432BD1A292008986FE /* StorageView.swift in Sources */ = {isa = PBXBuildFile; fileRef = FA67B3422BD1A292008986FE /* StorageView.swift */; };
		FA67B3462BD1A734008986FE /* AccessButtons.swift in Sources */ = {isa = PBXBuildFile; fileRef = FA67B3452BD1A734008986FE /* AccessButtons.swift */; };
		FA67B3492BD1E415008986FE /* FilesView.swift in Sources */ = {isa = PBXBuildFile; fileRef = FA67B3482BD1E415008986FE /* FilesView.swift */; };
		FA67B34B2BD1EBCC008986FE /* SideView.swift in Sources */ = {isa = PBXBuildFile; fileRef = FA67B34A2BD1EBCC008986FE /* SideView.swift */; };
		FA67B34D2BD1F314008986FE /* StorageType.swift in Sources */ = {isa = PBXBuildFile; fileRef = FA67B34C2BD1F314008986FE /* StorageType.swift */; };
		FA67B34F2BD1F3E7008986FE /* StorageCapacityCalculatable.swift in Sources */ = {isa = PBXBuildFile; fileRef = FA67B34E2BD1F3E7008986FE /* StorageCapacityCalculatable.swift */; };
		FA67B3512BD1FF8B008986FE /* StorageManager.swift in Sources */ = {isa = PBXBuildFile; fileRef = FA67B3502BD1FF8B008986FE /* StorageManager.swift */; };
		FAE842772BD163CF00CC630E /* CloudVueApp.swift in Sources */ = {isa = PBXBuildFile; fileRef = FAE842762BD163CF00CC630E /* CloudVueApp.swift */; };
		FAE842792BD163CF00CC630E /* ContentView.swift in Sources */ = {isa = PBXBuildFile; fileRef = FAE842782BD163CF00CC630E /* ContentView.swift */; };
		FAE8427B2BD163D100CC630E /* Assets.xcassets in Resources */ = {isa = PBXBuildFile; fileRef = FAE8427A2BD163D100CC630E /* Assets.xcassets */; };
		FAE8427F2BD163D100CC630E /* Preview Assets.xcassets in Resources */ = {isa = PBXBuildFile; fileRef = FAE8427E2BD163D100CC630E /* Preview Assets.xcassets */; };
		FAE842892BD163D100CC630E /* CloudVueTests.swift in Sources */ = {isa = PBXBuildFile; fileRef = FAE842882BD163D100CC630E /* CloudVueTests.swift */; };
		FAE842932BD163D100CC630E /* CloudVueUITests.swift in Sources */ = {isa = PBXBuildFile; fileRef = FAE842922BD163D100CC630E /* CloudVueUITests.swift */; };
		FAE842952BD163D100CC630E /* CloudVueUITestsLaunchTests.swift in Sources */ = {isa = PBXBuildFile; fileRef = FAE842942BD163D100CC630E /* CloudVueUITestsLaunchTests.swift */; };
/* End PBXBuildFile section */

/* Begin PBXContainerItemProxy section */
		FAE842852BD163D100CC630E /* PBXContainerItemProxy */ = {
			isa = PBXContainerItemProxy;
			containerPortal = FAE8426B2BD163CF00CC630E /* Project object */;
			proxyType = 1;
			remoteGlobalIDString = FAE842722BD163CF00CC630E;
			remoteInfo = CloudVue;
		};
		FAE8428F2BD163D100CC630E /* PBXContainerItemProxy */ = {
			isa = PBXContainerItemProxy;
			containerPortal = FAE8426B2BD163CF00CC630E /* Project object */;
			proxyType = 1;
			remoteGlobalIDString = FAE842722BD163CF00CC630E;
			remoteInfo = CloudVue;
		};
/* End PBXContainerItemProxy section */

/* Begin PBXFileReference section */
		FA67B3342BD18375008986FE /* HomeView.swift */ = {isa = PBXFileReference; lastKnownFileType = sourcecode.swift; path = HomeView.swift; sourceTree = "<group>"; };
		FA67B3362BD1838A008986FE /* SideMenuView.swift */ = {isa = PBXFileReference; lastKnownFileType = sourcecode.swift; path = SideMenuView.swift; sourceTree = "<group>"; };
		FA67B3382BD18434008986FE /* Extensions.swift */ = {isa = PBXFileReference; lastKnownFileType = sourcecode.swift; path = Extensions.swift; sourceTree = "<group>"; };
		FA67B33B2BD18D5F008986FE /* TabButton.swift */ = {isa = PBXFileReference; lastKnownFileType = sourcecode.swift; path = TabButton.swift; sourceTree = "<group>"; };
		FA67B33D2BD1994B008986FE /* MainContent.swift */ = {isa = PBXFileReference; lastKnownFileType = sourcecode.swift; path = MainContent.swift; sourceTree = "<group>"; };
		FA67B33F2BD19B57008986FE /* SearchBar.swift */ = {isa = PBXFileReference; lastKnownFileType = sourcecode.swift; path = SearchBar.swift; sourceTree = "<group>"; };
		FA67B3422BD1A292008986FE /* StorageView.swift */ = {isa = PBXFileReference; lastKnownFileType = sourcecode.swift; path = StorageView.swift; sourceTree = "<group>"; };
		FA67B3452BD1A734008986FE /* AccessButtons.swift */ = {isa = PBXFileReference; lastKnownFileType = sourcecode.swift; path = AccessButtons.swift; sourceTree = "<group>"; };
		FA67B3482BD1E415008986FE /* FilesView.swift */ = {isa = PBXFileReference; lastKnownFileType = sourcecode.swift; path = FilesView.swift; sourceTree = "<group>"; };
		FA67B34A2BD1EBCC008986FE /* SideView.swift */ = {isa = PBXFileReference; lastKnownFileType = sourcecode.swift; path = SideView.swift; sourceTree = "<group>"; };
		FA67B34C2BD1F314008986FE /* StorageType.swift */ = {isa = PBXFileReference; lastKnownFileType = sourcecode.swift; path = StorageType.swift; sourceTree = "<group>"; };
		FA67B34E2BD1F3E7008986FE /* StorageCapacityCalculatable.swift */ = {isa = PBXFileReference; lastKnownFileType = sourcecode.swift; path = StorageCapacityCalculatable.swift; sourceTree = "<group>"; };
		FA67B3502BD1FF8B008986FE /* StorageManager.swift */ = {isa = PBXFileReference; lastKnownFileType = sourcecode.swift; path = StorageManager.swift; sourceTree = "<group>"; };
		FAE842732BD163CF00CC630E /* CloudVue.app */ = {isa = PBXFileReference; explicitFileType = wrapper.application; includeInIndex = 0; path = CloudVue.app; sourceTree = BUILT_PRODUCTS_DIR; };
		FAE842762BD163CF00CC630E /* CloudVueApp.swift */ = {isa = PBXFileReference; lastKnownFileType = sourcecode.swift; path = CloudVueApp.swift; sourceTree = "<group>"; };
		FAE842782BD163CF00CC630E /* ContentView.swift */ = {isa = PBXFileReference; lastKnownFileType = sourcecode.swift; path = ContentView.swift; sourceTree = "<group>"; };
		FAE8427A2BD163D100CC630E /* Assets.xcassets */ = {isa = PBXFileReference; lastKnownFileType = folder.assetcatalog; path = Assets.xcassets; sourceTree = "<group>"; };
		FAE8427C2BD163D100CC630E /* CloudVue.entitlements */ = {isa = PBXFileReference; lastKnownFileType = text.plist.entitlements; path = CloudVue.entitlements; sourceTree = "<group>"; };
		FAE8427E2BD163D100CC630E /* Preview Assets.xcassets */ = {isa = PBXFileReference; lastKnownFileType = folder.assetcatalog; path = "Preview Assets.xcassets"; sourceTree = "<group>"; };
		FAE842842BD163D100CC630E /* CloudVueTests.xctest */ = {isa = PBXFileReference; explicitFileType = wrapper.cfbundle; includeInIndex = 0; path = CloudVueTests.xctest; sourceTree = BUILT_PRODUCTS_DIR; };
		FAE842882BD163D100CC630E /* CloudVueTests.swift */ = {isa = PBXFileReference; lastKnownFileType = sourcecode.swift; path = CloudVueTests.swift; sourceTree = "<group>"; };
		FAE8428E2BD163D100CC630E /* CloudVueUITests.xctest */ = {isa = PBXFileReference; explicitFileType = wrapper.cfbundle; includeInIndex = 0; path = CloudVueUITests.xctest; sourceTree = BUILT_PRODUCTS_DIR; };
		FAE842922BD163D100CC630E /* CloudVueUITests.swift */ = {isa = PBXFileReference; lastKnownFileType = sourcecode.swift; path = CloudVueUITests.swift; sourceTree = "<group>"; };
		FAE842942BD163D100CC630E /* CloudVueUITestsLaunchTests.swift */ = {isa = PBXFileReference; lastKnownFileType = sourcecode.swift; path = CloudVueUITestsLaunchTests.swift; sourceTree = "<group>"; };
/* End PBXFileReference section */

/* Begin PBXFrameworksBuildPhase section */
		FAE842702BD163CF00CC630E /* Frameworks */ = {
			isa = PBXFrameworksBuildPhase;
			buildActionMask = 2147483647;
			files = (
			);
			runOnlyForDeploymentPostprocessing = 0;
		};
		FAE842812BD163D100CC630E /* Frameworks */ = {
			isa = PBXFrameworksBuildPhase;
			buildActionMask = 2147483647;
			files = (
			);
			runOnlyForDeploymentPostprocessing = 0;
		};
		FAE8428B2BD163D100CC630E /* Frameworks */ = {
			isa = PBXFrameworksBuildPhase;
			buildActionMask = 2147483647;
			files = (
			);
			runOnlyForDeploymentPostprocessing = 0;
		};
/* End PBXFrameworksBuildPhase section */

/* Begin PBXGroup section */
		FA67B32E2BD1774D008986FE /* App */ = {
			isa = PBXGroup;
			children = (
				FAE842762BD163CF00CC630E /* CloudVueApp.swift */,
			);
			path = App;
			sourceTree = "<group>";
		};
		FA67B32F2BD17759008986FE /* Views */ = {
			isa = PBXGroup;
			children = (
				FA67B33A2BD18D3D008986FE /* Components */,
				FA67B3472BD1D2AF008986FE /* MainViews */,
				FA67B3412BD1A26E008986FE /* Other Views */,
			);
			path = Views;
			sourceTree = "<group>";
		};
		FA67B3302BD1775E008986FE /* ViewModels */ = {
			isa = PBXGroup;
			children = (
			);
			path = ViewModels;
			sourceTree = "<group>";
		};
		FA67B3312BD17765008986FE /* Models */ = {
			isa = PBXGroup;
			children = (
				FA67B34C2BD1F314008986FE /* StorageType.swift */,
				FA67B34E2BD1F3E7008986FE /* StorageCapacityCalculatable.swift */,
				FA67B3502BD1FF8B008986FE /* StorageManager.swift */,
			);
			path = Models;
			sourceTree = "<group>";
		};
		FA67B3322BD1776C008986FE /* Resources */ = {
			isa = PBXGroup;
			children = (
				FAE8427A2BD163D100CC630E /* Assets.xcassets */,
			);
			path = Resources;
			sourceTree = "<group>";
		};
		FA67B3332BD17774008986FE /* Shared */ = {
			isa = PBXGroup;
			children = (
				FA67B3382BD18434008986FE /* Extensions.swift */,
			);
			path = Shared;
			sourceTree = "<group>";
		};
		FA67B33A2BD18D3D008986FE /* Components */ = {
			isa = PBXGroup;
			children = (
				FA67B3442BD1A726008986FE /* Buttons */,
				FA67B33F2BD19B57008986FE /* SearchBar.swift */,
				FA67B3482BD1E415008986FE /* FilesView.swift */,
			);
			path = Components;
			sourceTree = "<group>";
		};
		FA67B3412BD1A26E008986FE /* Other Views */ = {
			isa = PBXGroup;
			children = (
				FA67B3422BD1A292008986FE /* StorageView.swift */,
			);
			path = "Other Views";
			sourceTree = "<group>";
		};
		FA67B3442BD1A726008986FE /* Buttons */ = {
			isa = PBXGroup;
			children = (
				FA67B33B2BD18D5F008986FE /* TabButton.swift */,
				FA67B3452BD1A734008986FE /* AccessButtons.swift */,
			);
			path = Buttons;
			sourceTree = "<group>";
		};
		FA67B3472BD1D2AF008986FE /* MainViews */ = {
			isa = PBXGroup;
			children = (
				FAE842782BD163CF00CC630E /* ContentView.swift */,
				FA67B3342BD18375008986FE /* HomeView.swift */,
				FA67B33D2BD1994B008986FE /* MainContent.swift */,
				FA67B3362BD1838A008986FE /* SideMenuView.swift */,
				FA67B34A2BD1EBCC008986FE /* SideView.swift */,
			);
			path = MainViews;
			sourceTree = "<group>";
		};
		FAE8426A2BD163CF00CC630E = {
			isa = PBXGroup;
			children = (
				FAE842752BD163CF00CC630E /* CloudVue */,
				FAE842872BD163D100CC630E /* CloudVueTests */,
				FAE842912BD163D100CC630E /* CloudVueUITests */,
				FAE842742BD163CF00CC630E /* Products */,
			);
			sourceTree = "<group>";
		};
		FAE842742BD163CF00CC630E /* Products */ = {
			isa = PBXGroup;
			children = (
				FAE842732BD163CF00CC630E /* CloudVue.app */,
				FAE842842BD163D100CC630E /* CloudVueTests.xctest */,
				FAE8428E2BD163D100CC630E /* CloudVueUITests.xctest */,
			);
			name = Products;
			sourceTree = "<group>";
		};
		FAE842752BD163CF00CC630E /* CloudVue */ = {
			isa = PBXGroup;
			children = (
				FA67B32E2BD1774D008986FE /* App */,
				FA67B3332BD17774008986FE /* Shared */,
				FA67B3322BD1776C008986FE /* Resources */,
				FA67B3312BD17765008986FE /* Models */,
				FA67B3302BD1775E008986FE /* ViewModels */,
				FA67B32F2BD17759008986FE /* Views */,
				FAE8427C2BD163D100CC630E /* CloudVue.entitlements */,
				FAE8427D2BD163D100CC630E /* Preview Content */,
			);
			path = CloudVue;
			sourceTree = "<group>";
		};
		FAE8427D2BD163D100CC630E /* Preview Content */ = {
			isa = PBXGroup;
			children = (
				FAE8427E2BD163D100CC630E /* Preview Assets.xcassets */,
			);
			path = "Preview Content";
			sourceTree = "<group>";
		};
		FAE842872BD163D100CC630E /* CloudVueTests */ = {
			isa = PBXGroup;
			children = (
				FAE842882BD163D100CC630E /* CloudVueTests.swift */,
			);
			path = CloudVueTests;
			sourceTree = "<group>";
		};
		FAE842912BD163D100CC630E /* CloudVueUITests */ = {
			isa = PBXGroup;
			children = (
				FAE842922BD163D100CC630E /* CloudVueUITests.swift */,
				FAE842942BD163D100CC630E /* CloudVueUITestsLaunchTests.swift */,
			);
			path = CloudVueUITests;
			sourceTree = "<group>";
		};
/* End PBXGroup section */

/* Begin PBXNativeTarget section */
		FAE842722BD163CF00CC630E /* CloudVue */ = {
			isa = PBXNativeTarget;
			buildConfigurationList = FAE842982BD163D100CC630E /* Build configuration list for PBXNativeTarget "CloudVue" */;
			buildPhases = (
				FAE8426F2BD163CF00CC630E /* Sources */,
				FAE842702BD163CF00CC630E /* Frameworks */,
				FAE842712BD163CF00CC630E /* Resources */,
			);
			buildRules = (
			);
			dependencies = (
			);
			name = CloudVue;
			productName = CloudVue;
			productReference = FAE842732BD163CF00CC630E /* CloudVue.app */;
			productType = "com.apple.product-type.application";
		};
		FAE842832BD163D100CC630E /* CloudVueTests */ = {
			isa = PBXNativeTarget;
			buildConfigurationList = FAE8429B2BD163D100CC630E /* Build configuration list for PBXNativeTarget "CloudVueTests" */;
			buildPhases = (
				FAE842802BD163D100CC630E /* Sources */,
				FAE842812BD163D100CC630E /* Frameworks */,
				FAE842822BD163D100CC630E /* Resources */,
			);
			buildRules = (
			);
			dependencies = (
				FAE842862BD163D100CC630E /* PBXTargetDependency */,
			);
			name = CloudVueTests;
			productName = CloudVueTests;
			productReference = FAE842842BD163D100CC630E /* CloudVueTests.xctest */;
			productType = "com.apple.product-type.bundle.unit-test";
		};
		FAE8428D2BD163D100CC630E /* CloudVueUITests */ = {
			isa = PBXNativeTarget;
			buildConfigurationList = FAE8429E2BD163D100CC630E /* Build configuration list for PBXNativeTarget "CloudVueUITests" */;
			buildPhases = (
				FAE8428A2BD163D100CC630E /* Sources */,
				FAE8428B2BD163D100CC630E /* Frameworks */,
				FAE8428C2BD163D100CC630E /* Resources */,
			);
			buildRules = (
			);
			dependencies = (
				FAE842902BD163D100CC630E /* PBXTargetDependency */,
			);
			name = CloudVueUITests;
			productName = CloudVueUITests;
			productReference = FAE8428E2BD163D100CC630E /* CloudVueUITests.xctest */;
			productType = "com.apple.product-type.bundle.ui-testing";
		};
/* End PBXNativeTarget section */

/* Begin PBXProject section */
		FAE8426B2BD163CF00CC630E /* Project object */ = {
			isa = PBXProject;
			attributes = {
				BuildIndependentTargetsInParallel = 1;
				LastSwiftUpdateCheck = 1510;
				LastUpgradeCheck = 1510;
				TargetAttributes = {
					FAE842722BD163CF00CC630E = {
						CreatedOnToolsVersion = 15.1;
					};
					FAE842832BD163D100CC630E = {
						CreatedOnToolsVersion = 15.1;
						TestTargetID = FAE842722BD163CF00CC630E;
					};
					FAE8428D2BD163D100CC630E = {
						CreatedOnToolsVersion = 15.1;
						TestTargetID = FAE842722BD163CF00CC630E;
					};
				};
			};
			buildConfigurationList = FAE8426E2BD163CF00CC630E /* Build configuration list for PBXProject "CloudVue" */;
			compatibilityVersion = "Xcode 14.0";
			developmentRegion = en;
			hasScannedForEncodings = 0;
			knownRegions = (
				en,
				Base,
			);
			mainGroup = FAE8426A2BD163CF00CC630E;
			productRefGroup = FAE842742BD163CF00CC630E /* Products */;
			projectDirPath = "";
			projectRoot = "";
			targets = (
				FAE842722BD163CF00CC630E /* CloudVue */,
				FAE842832BD163D100CC630E /* CloudVueTests */,
				FAE8428D2BD163D100CC630E /* CloudVueUITests */,
			);
		};
/* End PBXProject section */

/* Begin PBXResourcesBuildPhase section */
		FAE842712BD163CF00CC630E /* Resources */ = {
			isa = PBXResourcesBuildPhase;
			buildActionMask = 2147483647;
			files = (
				FAE8427F2BD163D100CC630E /* Preview Assets.xcassets in Resources */,
				FAE8427B2BD163D100CC630E /* Assets.xcassets in Resources */,
			);
			runOnlyForDeploymentPostprocessing = 0;
		};
		FAE842822BD163D100CC630E /* Resources */ = {
			isa = PBXResourcesBuildPhase;
			buildActionMask = 2147483647;
			files = (
			);
			runOnlyForDeploymentPostprocessing = 0;
		};
		FAE8428C2BD163D100CC630E /* Resources */ = {
			isa = PBXResourcesBuildPhase;
			buildActionMask = 2147483647;
			files = (
			);
			runOnlyForDeploymentPostprocessing = 0;
		};
/* End PBXResourcesBuildPhase section */

/* Begin PBXSourcesBuildPhase section */
		FAE8426F2BD163CF00CC630E /* Sources */ = {
			isa = PBXSourcesBuildPhase;
			buildActionMask = 2147483647;
			files = (
				FA67B33E2BD1994B008986FE /* MainContent.swift in Sources */,
				FA67B3392BD18434008986FE /* Extensions.swift in Sources */,
				FA67B3352BD18375008986FE /* HomeView.swift in Sources */,
				FAE842792BD163CF00CC630E /* ContentView.swift in Sources */,
				FA67B34F2BD1F3E7008986FE /* StorageCapacityCalculatable.swift in Sources */,
				FA67B34D2BD1F314008986FE /* StorageType.swift in Sources */,
				FA67B33C2BD18D5F008986FE /* TabButton.swift in Sources */,
				FA67B3402BD19B57008986FE /* SearchBar.swift in Sources */,
				FA67B3432BD1A292008986FE /* StorageView.swift in Sources */,
				FA67B3462BD1A734008986FE /* AccessButtons.swift in Sources */,
				FA67B3372BD1838A008986FE /* SideMenuView.swift in Sources */,
				FA67B34B2BD1EBCC008986FE /* SideView.swift in Sources */,
				FA67B3512BD1FF8B008986FE /* StorageManager.swift in Sources */,
				FA67B3492BD1E415008986FE /* FilesView.swift in Sources */,
				FAE842772BD163CF00CC630E /* CloudVueApp.swift in Sources */,
			);
			runOnlyForDeploymentPostprocessing = 0;
		};
		FAE842802BD163D100CC630E /* Sources */ = {
			isa = PBXSourcesBuildPhase;
			buildActionMask = 2147483647;
			files = (
				FAE842892BD163D100CC630E /* CloudVueTests.swift in Sources */,
			);
			runOnlyForDeploymentPostprocessing = 0;
		};
		FAE8428A2BD163D100CC630E /* Sources */ = {
			isa = PBXSourcesBuildPhase;
			buildActionMask = 2147483647;
			files = (
				FAE842952BD163D100CC630E /* CloudVueUITestsLaunchTests.swift in Sources */,
				FAE842932BD163D100CC630E /* CloudVueUITests.swift in Sources */,
			);
			runOnlyForDeploymentPostprocessing = 0;
		};
/* End PBXSourcesBuildPhase section */

/* Begin PBXTargetDependency section */
		FAE842862BD163D100CC630E /* PBXTargetDependency */ = {
			isa = PBXTargetDependency;
			target = FAE842722BD163CF00CC630E /* CloudVue */;
			targetProxy = FAE842852BD163D100CC630E /* PBXContainerItemProxy */;
		};
		FAE842902BD163D100CC630E /* PBXTargetDependency */ = {
			isa = PBXTargetDependency;
			target = FAE842722BD163CF00CC630E /* CloudVue */;
			targetProxy = FAE8428F2BD163D100CC630E /* PBXContainerItemProxy */;
		};
/* End PBXTargetDependency section */

/* Begin XCBuildConfiguration section */
		FAE842962BD163D100CC630E /* Debug */ = {
			isa = XCBuildConfiguration;
			buildSettings = {
				ALWAYS_SEARCH_USER_PATHS = NO;
				ASSETCATALOG_COMPILER_GENERATE_SWIFT_ASSET_SYMBOL_EXTENSIONS = YES;
				CLANG_ANALYZER_NONNULL = YES;
				CLANG_ANALYZER_NUMBER_OBJECT_CONVERSION = YES_AGGRESSIVE;
				CLANG_CXX_LANGUAGE_STANDARD = "gnu++20";
				CLANG_ENABLE_MODULES = YES;
				CLANG_ENABLE_OBJC_ARC = YES;
				CLANG_ENABLE_OBJC_WEAK = YES;
				CLANG_WARN_BLOCK_CAPTURE_AUTORELEASING = YES;
				CLANG_WARN_BOOL_CONVERSION = YES;
				CLANG_WARN_COMMA = YES;
				CLANG_WARN_CONSTANT_CONVERSION = YES;
				CLANG_WARN_DEPRECATED_OBJC_IMPLEMENTATIONS = YES;
				CLANG_WARN_DIRECT_OBJC_ISA_USAGE = YES_ERROR;
				CLANG_WARN_DOCUMENTATION_COMMENTS = YES;
				CLANG_WARN_EMPTY_BODY = YES;
				CLANG_WARN_ENUM_CONVERSION = YES;
				CLANG_WARN_INFINITE_RECURSION = YES;
				CLANG_WARN_INT_CONVERSION = YES;
				CLANG_WARN_NON_LITERAL_NULL_CONVERSION = YES;
				CLANG_WARN_OBJC_IMPLICIT_RETAIN_SELF = YES;
				CLANG_WARN_OBJC_LITERAL_CONVERSION = YES;
				CLANG_WARN_OBJC_ROOT_CLASS = YES_ERROR;
				CLANG_WARN_QUOTED_INCLUDE_IN_FRAMEWORK_HEADER = YES;
				CLANG_WARN_RANGE_LOOP_ANALYSIS = YES;
				CLANG_WARN_STRICT_PROTOTYPES = YES;
				CLANG_WARN_SUSPICIOUS_MOVE = YES;
				CLANG_WARN_UNGUARDED_AVAILABILITY = YES_AGGRESSIVE;
				CLANG_WARN_UNREACHABLE_CODE = YES;
				CLANG_WARN__DUPLICATE_METHOD_MATCH = YES;
				COPY_PHASE_STRIP = NO;
				DEBUG_INFORMATION_FORMAT = dwarf;
				ENABLE_STRICT_OBJC_MSGSEND = YES;
				ENABLE_TESTABILITY = YES;
				ENABLE_USER_SCRIPT_SANDBOXING = YES;
				GCC_C_LANGUAGE_STANDARD = gnu17;
				GCC_DYNAMIC_NO_PIC = NO;
				GCC_NO_COMMON_BLOCKS = YES;
				GCC_OPTIMIZATION_LEVEL = 0;
				GCC_PREPROCESSOR_DEFINITIONS = (
					"DEBUG=1",
					"$(inherited)",
				);
				GCC_WARN_64_TO_32_BIT_CONVERSION = YES;
				GCC_WARN_ABOUT_RETURN_TYPE = YES_ERROR;
				GCC_WARN_UNDECLARED_SELECTOR = YES;
				GCC_WARN_UNINITIALIZED_AUTOS = YES_AGGRESSIVE;
				GCC_WARN_UNUSED_FUNCTION = YES;
				GCC_WARN_UNUSED_VARIABLE = YES;
				LOCALIZATION_PREFERS_STRING_CATALOGS = YES;
				MTL_ENABLE_DEBUG_INFO = INCLUDE_SOURCE;
				MTL_FAST_MATH = YES;
				ONLY_ACTIVE_ARCH = YES;
				SWIFT_ACTIVE_COMPILATION_CONDITIONS = "DEBUG $(inherited)";
				SWIFT_OPTIMIZATION_LEVEL = "-Onone";
			};
			name = Debug;
		};
		FAE842972BD163D100CC630E /* Release */ = {
			isa = XCBuildConfiguration;
			buildSettings = {
				ALWAYS_SEARCH_USER_PATHS = NO;
				ASSETCATALOG_COMPILER_GENERATE_SWIFT_ASSET_SYMBOL_EXTENSIONS = YES;
				CLANG_ANALYZER_NONNULL = YES;
				CLANG_ANALYZER_NUMBER_OBJECT_CONVERSION = YES_AGGRESSIVE;
				CLANG_CXX_LANGUAGE_STANDARD = "gnu++20";
				CLANG_ENABLE_MODULES = YES;
				CLANG_ENABLE_OBJC_ARC = YES;
				CLANG_ENABLE_OBJC_WEAK = YES;
				CLANG_WARN_BLOCK_CAPTURE_AUTORELEASING = YES;
				CLANG_WARN_BOOL_CONVERSION = YES;
				CLANG_WARN_COMMA = YES;
				CLANG_WARN_CONSTANT_CONVERSION = YES;
				CLANG_WARN_DEPRECATED_OBJC_IMPLEMENTATIONS = YES;
				CLANG_WARN_DIRECT_OBJC_ISA_USAGE = YES_ERROR;
				CLANG_WARN_DOCUMENTATION_COMMENTS = YES;
				CLANG_WARN_EMPTY_BODY = YES;
				CLANG_WARN_ENUM_CONVERSION = YES;
				CLANG_WARN_INFINITE_RECURSION = YES;
				CLANG_WARN_INT_CONVERSION = YES;
				CLANG_WARN_NON_LITERAL_NULL_CONVERSION = YES;
				CLANG_WARN_OBJC_IMPLICIT_RETAIN_SELF = YES;
				CLANG_WARN_OBJC_LITERAL_CONVERSION = YES;
				CLANG_WARN_OBJC_ROOT_CLASS = YES_ERROR;
				CLANG_WARN_QUOTED_INCLUDE_IN_FRAMEWORK_HEADER = YES;
				CLANG_WARN_RANGE_LOOP_ANALYSIS = YES;
				CLANG_WARN_STRICT_PROTOTYPES = YES;
				CLANG_WARN_SUSPICIOUS_MOVE = YES;
				CLANG_WARN_UNGUARDED_AVAILABILITY = YES_AGGRESSIVE;
				CLANG_WARN_UNREACHABLE_CODE = YES;
				CLANG_WARN__DUPLICATE_METHOD_MATCH = YES;
				COPY_PHASE_STRIP = NO;
				DEBUG_INFORMATION_FORMAT = "dwarf-with-dsym";
				ENABLE_NS_ASSERTIONS = NO;
				ENABLE_STRICT_OBJC_MSGSEND = YES;
				ENABLE_USER_SCRIPT_SANDBOXING = YES;
				GCC_C_LANGUAGE_STANDARD = gnu17;
				GCC_NO_COMMON_BLOCKS = YES;
				GCC_WARN_64_TO_32_BIT_CONVERSION = YES;
				GCC_WARN_ABOUT_RETURN_TYPE = YES_ERROR;
				GCC_WARN_UNDECLARED_SELECTOR = YES;
				GCC_WARN_UNINITIALIZED_AUTOS = YES_AGGRESSIVE;
				GCC_WARN_UNUSED_FUNCTION = YES;
				GCC_WARN_UNUSED_VARIABLE = YES;
				LOCALIZATION_PREFERS_STRING_CATALOGS = YES;
				MTL_ENABLE_DEBUG_INFO = NO;
				MTL_FAST_MATH = YES;
				SWIFT_COMPILATION_MODE = wholemodule;
			};
			name = Release;
		};
		FAE842992BD163D100CC630E /* Debug */ = {
			isa = XCBuildConfiguration;
			buildSettings = {
				ASSETCATALOG_COMPILER_APPICON_NAME = AppIcon;
				ASSETCATALOG_COMPILER_GLOBAL_ACCENT_COLOR_NAME = AccentColor;
				CODE_SIGN_ENTITLEMENTS = CloudVue/CloudVue.entitlements;
				CODE_SIGN_STYLE = Automatic;
				CURRENT_PROJECT_VERSION = 1;
				DEVELOPMENT_ASSET_PATHS = "\"CloudVue/Preview Content\"";
				DEVELOPMENT_TEAM = 7UN46XANF2;
				ENABLE_HARDENED_RUNTIME = YES;
				ENABLE_PREVIEWS = YES;
				GENERATE_INFOPLIST_FILE = YES;
				"INFOPLIST_KEY_UIApplicationSceneManifest_Generation[sdk=iphoneos*]" = YES;
				"INFOPLIST_KEY_UIApplicationSceneManifest_Generation[sdk=iphonesimulator*]" = YES;
				"INFOPLIST_KEY_UIApplicationSupportsIndirectInputEvents[sdk=iphoneos*]" = YES;
				"INFOPLIST_KEY_UIApplicationSupportsIndirectInputEvents[sdk=iphonesimulator*]" = YES;
				"INFOPLIST_KEY_UILaunchScreen_Generation[sdk=iphoneos*]" = YES;
				"INFOPLIST_KEY_UILaunchScreen_Generation[sdk=iphonesimulator*]" = YES;
				"INFOPLIST_KEY_UIStatusBarStyle[sdk=iphoneos*]" = UIStatusBarStyleDefault;
				"INFOPLIST_KEY_UIStatusBarStyle[sdk=iphonesimulator*]" = UIStatusBarStyleDefault;
				INFOPLIST_KEY_UISupportedInterfaceOrientations_iPad = "UIInterfaceOrientationPortrait UIInterfaceOrientationPortraitUpsideDown UIInterfaceOrientationLandscapeLeft UIInterfaceOrientationLandscapeRight";
				INFOPLIST_KEY_UISupportedInterfaceOrientations_iPhone = "UIInterfaceOrientationPortrait UIInterfaceOrientationLandscapeLeft UIInterfaceOrientationLandscapeRight";
				IPHONEOS_DEPLOYMENT_TARGET = 17.2;
				LD_RUNPATH_SEARCH_PATHS = "@executable_path/Frameworks";
				"LD_RUNPATH_SEARCH_PATHS[sdk=macosx*]" = "@executable_path/../Frameworks";
				MACOSX_DEPLOYMENT_TARGET = 14.2;
				MARKETING_VERSION = 1.0;
				PRODUCT_BUNDLE_IDENTIFIER = Tenduts.CloudVue;
				PRODUCT_NAME = "$(TARGET_NAME)";
				SDKROOT = auto;
				SUPPORTED_PLATFORMS = "iphoneos iphonesimulator macosx";
				SWIFT_EMIT_LOC_STRINGS = YES;
				SWIFT_VERSION = 5.0;
				TARGETED_DEVICE_FAMILY = "1,2";
			};
			name = Debug;
		};
		FAE8429A2BD163D100CC630E /* Release */ = {
			isa = XCBuildConfiguration;
			buildSettings = {
				ASSETCATALOG_COMPILER_APPICON_NAME = AppIcon;
				ASSETCATALOG_COMPILER_GLOBAL_ACCENT_COLOR_NAME = AccentColor;
				CODE_SIGN_ENTITLEMENTS = CloudVue/CloudVue.entitlements;
				CODE_SIGN_STYLE = Automatic;
				CURRENT_PROJECT_VERSION = 1;
				DEVELOPMENT_ASSET_PATHS = "\"CloudVue/Preview Content\"";
				DEVELOPMENT_TEAM = 7UN46XANF2;
				ENABLE_HARDENED_RUNTIME = YES;
				ENABLE_PREVIEWS = YES;
				GENERATE_INFOPLIST_FILE = YES;
				"INFOPLIST_KEY_UIApplicationSceneManifest_Generation[sdk=iphoneos*]" = YES;
				"INFOPLIST_KEY_UIApplicationSceneManifest_Generation[sdk=iphonesimulator*]" = YES;
				"INFOPLIST_KEY_UIApplicationSupportsIndirectInputEvents[sdk=iphoneos*]" = YES;
				"INFOPLIST_KEY_UIApplicationSupportsIndirectInputEvents[sdk=iphonesimulator*]" = YES;
				"INFOPLIST_KEY_UILaunchScreen_Generation[sdk=iphoneos*]" = YES;
				"INFOPLIST_KEY_UILaunchScreen_Generation[sdk=iphonesimulator*]" = YES;
				"INFOPLIST_KEY_UIStatusBarStyle[sdk=iphoneos*]" = UIStatusBarStyleDefault;
				"INFOPLIST_KEY_UIStatusBarStyle[sdk=iphonesimulator*]" = UIStatusBarStyleDefault;
				INFOPLIST_KEY_UISupportedInterfaceOrientations_iPad = "UIInterfaceOrientationPortrait UIInterfaceOrientationPortraitUpsideDown UIInterfaceOrientationLandscapeLeft UIInterfaceOrientationLandscapeRight";
				INFOPLIST_KEY_UISupportedInterfaceOrientations_iPhone = "UIInterfaceOrientationPortrait UIInterfaceOrientationLandscapeLeft UIInterfaceOrientationLandscapeRight";
				IPHONEOS_DEPLOYMENT_TARGET = 17.2;
				LD_RUNPATH_SEARCH_PATHS = "@executable_path/Frameworks";
				"LD_RUNPATH_SEARCH_PATHS[sdk=macosx*]" = "@executable_path/../Frameworks";
				MACOSX_DEPLOYMENT_TARGET = 14.2;
				MARKETING_VERSION = 1.0;
				PRODUCT_BUNDLE_IDENTIFIER = Tenduts.CloudVue;
				PRODUCT_NAME = "$(TARGET_NAME)";
				SDKROOT = auto;
				SUPPORTED_PLATFORMS = "iphoneos iphonesimulator macosx";
				SWIFT_EMIT_LOC_STRINGS = YES;
				SWIFT_VERSION = 5.0;
				TARGETED_DEVICE_FAMILY = "1,2";
			};
			name = Release;
		};
		FAE8429C2BD163D100CC630E /* Debug */ = {
			isa = XCBuildConfiguration;
			buildSettings = {
				ALWAYS_EMBED_SWIFT_STANDARD_LIBRARIES = YES;
				BUNDLE_LOADER = "$(TEST_HOST)";
				CODE_SIGN_STYLE = Automatic;
				CURRENT_PROJECT_VERSION = 1;
				DEVELOPMENT_TEAM = 7UN46XANF2;
				GENERATE_INFOPLIST_FILE = YES;
				IPHONEOS_DEPLOYMENT_TARGET = 17.2;
				MACOSX_DEPLOYMENT_TARGET = 14.2;
				MARKETING_VERSION = 1.0;
				PRODUCT_BUNDLE_IDENTIFIER = Tenduts.CloudVueTests;
				PRODUCT_NAME = "$(TARGET_NAME)";
				SDKROOT = auto;
				SUPPORTED_PLATFORMS = "iphoneos iphonesimulator macosx";
				SWIFT_EMIT_LOC_STRINGS = NO;
				SWIFT_VERSION = 5.0;
				TARGETED_DEVICE_FAMILY = "1,2";
				TEST_HOST = "$(BUILT_PRODUCTS_DIR)/CloudVue.app/$(BUNDLE_EXECUTABLE_FOLDER_PATH)/CloudVue";
			};
			name = Debug;
		};
		FAE8429D2BD163D100CC630E /* Release */ = {
			isa = XCBuildConfiguration;
			buildSettings = {
				ALWAYS_EMBED_SWIFT_STANDARD_LIBRARIES = YES;
				BUNDLE_LOADER = "$(TEST_HOST)";
				CODE_SIGN_STYLE = Automatic;
				CURRENT_PROJECT_VERSION = 1;
				DEVELOPMENT_TEAM = 7UN46XANF2;
				GENERATE_INFOPLIST_FILE = YES;
				IPHONEOS_DEPLOYMENT_TARGET = 17.2;
				MACOSX_DEPLOYMENT_TARGET = 14.2;
				MARKETING_VERSION = 1.0;
				PRODUCT_BUNDLE_IDENTIFIER = Tenduts.CloudVueTests;
				PRODUCT_NAME = "$(TARGET_NAME)";
				SDKROOT = auto;
				SUPPORTED_PLATFORMS = "iphoneos iphonesimulator macosx";
				SWIFT_EMIT_LOC_STRINGS = NO;
				SWIFT_VERSION = 5.0;
				TARGETED_DEVICE_FAMILY = "1,2";
				TEST_HOST = "$(BUILT_PRODUCTS_DIR)/CloudVue.app/$(BUNDLE_EXECUTABLE_FOLDER_PATH)/CloudVue";
			};
			name = Release;
		};
		FAE8429F2BD163D100CC630E /* Debug */ = {
			isa = XCBuildConfiguration;
			buildSettings = {
				ALWAYS_EMBED_SWIFT_STANDARD_LIBRARIES = YES;
				CODE_SIGN_STYLE = Automatic;
				CURRENT_PROJECT_VERSION = 1;
				DEVELOPMENT_TEAM = 7UN46XANF2;
				GENERATE_INFOPLIST_FILE = YES;
				IPHONEOS_DEPLOYMENT_TARGET = 17.2;
				MACOSX_DEPLOYMENT_TARGET = 14.2;
				MARKETING_VERSION = 1.0;
				PRODUCT_BUNDLE_IDENTIFIER = Tenduts.CloudVueUITests;
				PRODUCT_NAME = "$(TARGET_NAME)";
				SDKROOT = auto;
				SUPPORTED_PLATFORMS = "iphoneos iphonesimulator macosx";
				SWIFT_EMIT_LOC_STRINGS = NO;
				SWIFT_VERSION = 5.0;
				TARGETED_DEVICE_FAMILY = "1,2";
				TEST_TARGET_NAME = CloudVue;
			};
			name = Debug;
		};
		FAE842A02BD163D100CC630E /* Release */ = {
			isa = XCBuildConfiguration;
			buildSettings = {
				ALWAYS_EMBED_SWIFT_STANDARD_LIBRARIES = YES;
				CODE_SIGN_STYLE = Automatic;
				CURRENT_PROJECT_VERSION = 1;
				DEVELOPMENT_TEAM = 7UN46XANF2;
				GENERATE_INFOPLIST_FILE = YES;
				IPHONEOS_DEPLOYMENT_TARGET = 17.2;
				MACOSX_DEPLOYMENT_TARGET = 14.2;
				MARKETING_VERSION = 1.0;
				PRODUCT_BUNDLE_IDENTIFIER = Tenduts.CloudVueUITests;
				PRODUCT_NAME = "$(TARGET_NAME)";
				SDKROOT = auto;
				SUPPORTED_PLATFORMS = "iphoneos iphonesimulator macosx";
				SWIFT_EMIT_LOC_STRINGS = NO;
				SWIFT_VERSION = 5.0;
				TARGETED_DEVICE_FAMILY = "1,2";
				TEST_TARGET_NAME = CloudVue;
			};
			name = Release;
		};
/* End XCBuildConfiguration section */

/* Begin XCConfigurationList section */
		FAE8426E2BD163CF00CC630E /* Build configuration list for PBXProject "CloudVue" */ = {
			isa = XCConfigurationList;
			buildConfigurations = (
				FAE842962BD163D100CC630E /* Debug */,
				FAE842972BD163D100CC630E /* Release */,
			);
			defaultConfigurationIsVisible = 0;
			defaultConfigurationName = Release;
		};
		FAE842982BD163D100CC630E /* Build configuration list for PBXNativeTarget "CloudVue" */ = {
			isa = XCConfigurationList;
			buildConfigurations = (
				FAE842992BD163D100CC630E /* Debug */,
				FAE8429A2BD163D100CC630E /* Release */,
			);
			defaultConfigurationIsVisible = 0;
			defaultConfigurationName = Release;
		};
		FAE8429B2BD163D100CC630E /* Build configuration list for PBXNativeTarget "CloudVueTests" */ = {
			isa = XCConfigurationList;
			buildConfigurations = (
				FAE8429C2BD163D100CC630E /* Debug */,
				FAE8429D2BD163D100CC630E /* Release */,
			);
			defaultConfigurationIsVisible = 0;
			defaultConfigurationName = Release;
		};
		FAE8429E2BD163D100CC630E /* Build configuration list for PBXNativeTarget "CloudVueUITests" */ = {
			isa = XCConfigurationList;
			buildConfigurations = (
				FAE8429F2BD163D100CC630E /* Debug */,
				FAE842A02BD163D100CC630E /* Release */,
			);
			defaultConfigurationIsVisible = 0;
			defaultConfigurationName = Release;
		};
/* End XCConfigurationList section */
	};
	rootObject = FAE8426B2BD163CF00CC630E /* Project object */;
}
